{
  "originHash" : "0eb982a0dea4ec1dab7ddce57b83c0a930bf0292083d5fefa95520f6db112936",
  "pins" : [
    {
      "identity" : "capacitor-swift-pm",
      "kind" : "remoteSourceControl",
      "location" : "https://github.com/ionic-team/capacitor-swift-pm.git",
      "state" : {
        "revision" : "2231987d85b8b0b289320b1d0947b4ae8345cde4",
        "version" : "8.4.1"
      }
    }
  ],
  "version" : 3
}
